
Microsoft Visual Studio Solution File, Format Version 12.00
# Visual Studio Version 17
VisualStudioVersion = 17.2.32630.192
MinimumVisualStudioVersion = 10.0.40219.1
Project("{9A19103F-16F7-4668-BE54-9A1E7A4F7556}") = "CureVenerialDisease", "CureVenerialDisease\CureVenerialDisease.csproj", "{3EFB2C0B-330D-403C-9126-1B870456BD78}"
EndProject
Project("{9A19103F-16F7-4668-BE54-9A1E7A4F7556}") = "MbmModdingTools", "mbmModdingTools\MbmModdingTools.csproj", "{1BAD7716-BF9E-418C-AD02-6FAD603FD086}"
EndProject
Project("{9A19103F-16F7-4668-BE54-9A1E7A4F7556}") = "PixyPlus", "PixyPlus\PixyPlus.csproj", "{70318B28-5EFC-44FB-BE2A-368662168D1C}"
EndProject
Project("{FAE04EC0-301F-11D3-BF4B-00C04F79EFBC}") = "AutoBuyCondomAndLoveGel", "AutoBuyCondomAndLoveGel\AutoBuyCondomAndLoveGel.csproj", "{8C6E75B8-A52E-4C29-8A2B-EBEFBEE04C28}"
EndProject
Global
	GlobalSection(SolutionConfigurationPlatforms) = preSolution
		Debug|Any CPU = Debug|Any CPU
		Release|Any CPU = Release|Any CPU
	EndGlobalSection
	GlobalSection(ProjectConfigurationPlatforms) = postSolution
		{3EFB2C0B-330D-403C-9126-1B870456BD78}.Debug|Any CPU.ActiveCfg = Debug|Any CPU
		{3EFB2C0B-330D-403C-9126-1B870456BD78}.Debug|Any CPU.Build.0 = Debug|Any CPU
		{3EFB2C0B-330D-403C-9126-1B870456BD78}.Release|Any CPU.ActiveCfg = Release|Any CPU
		{3EFB2C0B-330D-403C-9126-1B870456BD78}.Release|Any CPU.Build.0 = Release|Any CPU
		{1BAD7716-BF9E-418C-AD02-6FAD603FD086}.Debug|Any CPU.ActiveCfg = Debug|Any CPU
		{1BAD7716-BF9E-418C-AD02-6FAD603FD086}.Debug|Any CPU.Build.0 = Debug|Any CPU
		{1BAD7716-BF9E-418C-AD02-6FAD603FD086}.Release|Any CPU.ActiveCfg = Release|Any CPU
		{1BAD7716-BF9E-418C-AD02-6FAD603FD086}.Release|Any CPU.Build.0 = Release|Any CPU
		{70318B28-5EFC-44FB-BE2A-368662168D1C}.Debug|Any CPU.ActiveCfg = Debug|Any CPU
		{70318B28-5EFC-44FB-BE2A-368662168D1C}.Debug|Any CPU.Build.0 = Debug|Any CPU
		{70318B28-5EFC-44FB-BE2A-368662168D1C}.Release|Any CPU.ActiveCfg = Release|Any CPU
		{70318B28-5EFC-44FB-BE2A-368662168D1C}.Release|Any CPU.Build.0 = Release|Any CPU
		{8C6E75B8-A52E-4C29-8A2B-EBEFBEE04C28}.Debug|Any CPU.ActiveCfg = Debug|Any CPU
		{8C6E75B8-A52E-4C29-8A2B-EBEFBEE04C28}.Debug|Any CPU.Build.0 = Debug|Any CPU
		{8C6E75B8-A52E-4C29-8A2B-EBEFBEE04C28}.Release|Any CPU.ActiveCfg = Release|Any CPU
		{8C6E75B8-A52E-4C29-8A2B-EBEFBEE04C28}.Release|Any CPU.Build.0 = Release|Any CPU
	EndGlobalSection
	GlobalSection(SolutionProperties) = preSolution
		HideSolutionNode = FALSE
	EndGlobalSection
	GlobalSection(ExtensibilityGlobals) = postSolution
		SolutionGuid = {480DEC4E-18CA-4E09-9EB5-F51645D11BCC}
	EndGlobalSection
EndGlobal
