
Microsoft Visual Studio Solution File, Format Version 12.00
# Visual Studio Version 17
VisualStudioVersion = 17.0.31903.59
MinimumVisualStudioVersion = 10.0.40219.1
Project("{2150E333-8FDC-42A3-9474-1A3956D46DE8}") = "Src", "Src", "{1F436BD5-A97E-46C9-B290-735CF9086399}"
EndProject
Project("{FAE04EC0-301F-11D3-BF4B-00C04F79EFBC}") = "MBMTools", "Src\MBM-Tools\MBMTools.csproj", "{8D4C54F3-7B03-4FA6-ABEC-1A3D9874340C}"
EndProject
Project("{FAE04EC0-301F-11D3-BF4B-00C04F79EFBC}") = "Restless", "Src\Restless\Restless.csproj", "{5E76DCEA-7BE2-4A8F-A293-820404C55E38}"
EndProject
Project("{FAE04EC0-301F-11D3-BF4B-00C04F79EFBC}") = "KeyBinds", "Src\KeyBinds\KeyBinds.csproj", "{AA16EDDF-F7BD-4CD8-A80F-26990BC81400}"
EndProject
Project("{FAE04EC0-301F-11D3-BF4B-00C04F79EFBC}") = "PunnettRebalance", "Src\PunnettRebalance\PunnettRebalance.csproj", "{DF8E77E0-20B7-4B18-AED2-80BB038C2A71}"
EndProject
Global
	GlobalSection(SolutionConfigurationPlatforms) = preSolution
		Debug|Any CPU = Debug|Any CPU
		Release|Any CPU = Release|Any CPU
	EndGlobalSection
	GlobalSection(SolutionProperties) = preSolution
		HideSolutionNode = FALSE
	EndGlobalSection
	GlobalSection(ProjectConfigurationPlatforms) = postSolution
		{8D4C54F3-7B03-4FA6-ABEC-1A3D9874340C}.Debug|Any CPU.ActiveCfg = Debug|Any CPU
		{8D4C54F3-7B03-4FA6-ABEC-1A3D9874340C}.Debug|Any CPU.Build.0 = Debug|Any CPU
		{8D4C54F3-7B03-4FA6-ABEC-1A3D9874340C}.Release|Any CPU.ActiveCfg = Release|Any CPU
		{8D4C54F3-7B03-4FA6-ABEC-1A3D9874340C}.Release|Any CPU.Build.0 = Release|Any CPU
		{5E76DCEA-7BE2-4A8F-A293-820404C55E38}.Debug|Any CPU.ActiveCfg = Debug|Any CPU
		{5E76DCEA-7BE2-4A8F-A293-820404C55E38}.Debug|Any CPU.Build.0 = Debug|Any CPU
		{5E76DCEA-7BE2-4A8F-A293-820404C55E38}.Release|Any CPU.ActiveCfg = Release|Any CPU
		{5E76DCEA-7BE2-4A8F-A293-820404C55E38}.Release|Any CPU.Build.0 = Release|Any CPU
		{AA16EDDF-F7BD-4CD8-A80F-26990BC81400}.Debug|Any CPU.ActiveCfg = Debug|Any CPU
		{AA16EDDF-F7BD-4CD8-A80F-26990BC81400}.Debug|Any CPU.Build.0 = Debug|Any CPU
		{AA16EDDF-F7BD-4CD8-A80F-26990BC81400}.Release|Any CPU.ActiveCfg = Release|Any CPU
		{AA16EDDF-F7BD-4CD8-A80F-26990BC81400}.Release|Any CPU.Build.0 = Release|Any CPU
		{DF8E77E0-20B7-4B18-AED2-80BB038C2A71}.Debug|Any CPU.ActiveCfg = Debug|Any CPU
		{DF8E77E0-20B7-4B18-AED2-80BB038C2A71}.Debug|Any CPU.Build.0 = Debug|Any CPU
		{DF8E77E0-20B7-4B18-AED2-80BB038C2A71}.Release|Any CPU.ActiveCfg = Release|Any CPU
		{DF8E77E0-20B7-4B18-AED2-80BB038C2A71}.Release|Any CPU.Build.0 = Release|Any CPU
	EndGlobalSection
	GlobalSection(NestedProjects) = preSolution
		{8D4C54F3-7B03-4FA6-ABEC-1A3D9874340C} = {1F436BD5-A97E-46C9-B290-735CF9086399}
		{5E76DCEA-7BE2-4A8F-A293-820404C55E38} = {1F436BD5-A97E-46C9-B290-735CF9086399}
		{AA16EDDF-F7BD-4CD8-A80F-26990BC81400} = {1F436BD5-A97E-46C9-B290-735CF9086399}
		{DF8E77E0-20B7-4B18-AED2-80BB038C2A71} = {1F436BD5-A97E-46C9-B290-735CF9086399}
	EndGlobalSection
EndGlobal
