
Microsoft Visual Studio Solution File, Format Version 12.00
# Visual Studio Version 17
VisualStudioVersion = 17.2.32630.192
MinimumVisualStudioVersion = 10.0.40219.1
Project("{9A19103F-16F7-4668-BE54-9A1E7A4F7556}") = "CMLoader", "Loader\CMLoader.csproj", "{C88EB4C9-9C0F-461D-89AB-DB70A9430247}"
EndProject
Project("{FAE04EC0-301F-11D3-BF4B-00C04F79EFBC}") = "ConfigurationManager", "ConfigurationManager\ConfigurationManager.csproj", "{AE18D8BE-9B3A-49ED-84A7-1815B8DBE0F5}"
EndProject
Project("{FAE04EC0-301F-11D3-BF4B-00C04F79EFBC}") = "CMPatcher", "Patcher\CMPatcher.csproj", "{EF99D0FE-97F3-4DC8-A83D-06FF6F879C2C}"
EndProject
Project("{2150E333-8FDC-42A3-9474-1A3956D46DE8}") = "Solution Items", "Solution Items", "{3815B022-A8C7-4722-AAD2-B0D083339D89}"
	ProjectSection(SolutionItems) = preProject
		Custom.targets = Custom.targets
	EndProjectSection
EndProject
Global
	GlobalSection(SolutionConfigurationPlatforms) = preSolution
		Debug|Any CPU = Debug|Any CPU
		Release|Any CPU = Release|Any CPU
	EndGlobalSection
	GlobalSection(ProjectConfigurationPlatforms) = postSolution
		{C88EB4C9-9C0F-461D-89AB-DB70A9430247}.Debug|Any CPU.ActiveCfg = Debug|Any CPU
		{C88EB4C9-9C0F-461D-89AB-DB70A9430247}.Debug|Any CPU.Build.0 = Debug|Any CPU
		{C88EB4C9-9C0F-461D-89AB-DB70A9430247}.Release|Any CPU.ActiveCfg = Release|Any CPU
		{C88EB4C9-9C0F-461D-89AB-DB70A9430247}.Release|Any CPU.Build.0 = Release|Any CPU
		{AE18D8BE-9B3A-49ED-84A7-1815B8DBE0F5}.Debug|Any CPU.ActiveCfg = Debug|Any CPU
		{AE18D8BE-9B3A-49ED-84A7-1815B8DBE0F5}.Debug|Any CPU.Build.0 = Debug|Any CPU
		{AE18D8BE-9B3A-49ED-84A7-1815B8DBE0F5}.Release|Any CPU.ActiveCfg = Release|Any CPU
		{AE18D8BE-9B3A-49ED-84A7-1815B8DBE0F5}.Release|Any CPU.Build.0 = Release|Any CPU
		{EF99D0FE-97F3-4DC8-A83D-06FF6F879C2C}.Debug|Any CPU.ActiveCfg = Debug|Any CPU
		{EF99D0FE-97F3-4DC8-A83D-06FF6F879C2C}.Debug|Any CPU.Build.0 = Debug|Any CPU
		{EF99D0FE-97F3-4DC8-A83D-06FF6F879C2C}.Release|Any CPU.ActiveCfg = Release|Any CPU
		{EF99D0FE-97F3-4DC8-A83D-06FF6F879C2C}.Release|Any CPU.Build.0 = Release|Any CPU
	EndGlobalSection
	GlobalSection(SolutionProperties) = preSolution
		HideSolutionNode = FALSE
	EndGlobalSection
	GlobalSection(ExtensibilityGlobals) = postSolution
		SolutionGuid = {F499CDB5-E7D0-41FD-A9E4-0FFD2C91DC4E}
	EndGlobalSection
EndGlobal
